
Microsoft Visual Studio Solution File, Format Version 12.00
# Visual Studio Version 16
VisualStudioVersion = 16.0.30225.117
MinimumVisualStudioVersion = 10.0.40219.1
Project("{FAE04EC0-301F-11D3-BF4B-00C04F79EFBC}") = "UsmToolkit", "UsmToolkit\UsmToolkit.csproj", "{1C7F9474-2096-4039-9F6F-9B9940717D06}"
EndProject
Global
	GlobalSection(SolutionConfigurationPlatforms) = preSolution
		Debug|Any CPU = Debug|Any CPU
		Release|Any CPU = Release|Any CPU
	EndGlobalSection
	GlobalSection(ProjectConfigurationPlatforms) = postSolution
		{1C7F9474-2096-4039-9F6F-9B9940717D06}.Debug|Any CPU.ActiveCfg = Debug|Any CPU
		{1C7F9474-2096-4039-9F6F-9B9940717D06}.Debug|Any CPU.Build.0 = Debug|Any CPU
		{1C7F9474-2096-4039-9F6F-9B9940717D06}.Release|Any CPU.ActiveCfg = Release|Any CPU
		{1C7F9474-2096-4039-9F6F-9B9940717D06}.Release|Any CPU.Build.0 = Release|Any CPU
	EndGlobalSection
	GlobalSection(SolutionProperties) = preSolution
		HideSolutionNode = FALSE
	EndGlobalSection
	GlobalSection(ExtensibilityGlobals) = postSolution
		SolutionGuid = {C8EB6C12-4B73-41DD-9F88-BDB76671892C}
	EndGlobalSection
EndGlobal
